{
    "_readme": [
        "This file locks the dependencies of your project to a known state",
        "Read more about it at https://getcomposer.org/doc/01-basic-usage.md#installing-dependencies",
        "This file is @generated automatically"
    ],
    "content-hash": "6a05dd66fa2be8406b4c41d579784ac5",
    "packages": [
        {
            "name": "edsononildo/orm",
            "version": "v2.0",
            "source": {
                "type": "git",
                "url": "https://github.com/EdsonOnildoJR/activerecord.php.git",
                "reference": "c5c126e7cdc7465d8eda476bfb391e1d6639d09f"
            },
            "dist": {
                "type": "zip",
                "url": "https://api.github.com/repos/EdsonOnildoJR/activerecord.php/zipball/c5c126e7cdc7465d8eda476bfb391e1d6639d09f",
                "reference": "c5c126e7cdc7465d8eda476bfb391e1d6639d09f",
                "shasum": ""
            },
            "require": {
                "ext-pdo": "*",
                "php": "~7.1"
            },
            "require-dev": {
                "phpunit/phpunit": ">=7.0",
                "squizlabs/php_codesniffer": "^3.0"
            },
            "type": "library",
            "extra": {
                "branch-alias": {
                    "dev-master": "2.0-dev"
                }
            },
            "autoload": {
                "psr-4": {
                    "Bonfim\\ActiveRecord\\": "src"
                }
            },
            "notification-url": "https://packagist.org/downloads/",
            "license": [
                "MIT"
            ],
            "authors": [
                {
                    "name": "Edson Onildo",
                    "email": "inbox.edsononildo@gmail.com",
                    "homepage": "https://github.com/EdsonOnildoJR",
                    "role": "Developer"
                }
            ],
            "description": "Implementação do padrão de projeto active record em PHP",
            "homepage": "https://github.com/EdsonOnildoJR/activerecord.php",
            "keywords": [
                "activerecord",
                "bonfim"
            ],
            "time": "2019-03-30T12:16:33+00:00"
        },
        {
            "name": "edsononildo/router",
            "version": "dev-master",
            "source": {
                "type": "git",
                "url": "https://github.com/EdsonOnildoJR/PHP-Http-Router.git",
                "reference": "3f855c591055c63f84dedf032456fb25ef1e0532"
            },
            "dist": {
                "type": "zip",
                "url": "https://api.github.com/repos/EdsonOnildoJR/PHP-Http-Router/zipball/3f855c591055c63f84dedf032456fb25ef1e0532",
                "reference": "3f855c591055c63f84dedf032456fb25ef1e0532",
                "shasum": ""
            },
            "require": {
                "php": "~7.1"
            },
            "require-dev": {
                "phpunit/phpunit": ">=7.0",
                "squizlabs/php_codesniffer": "^3.0"
            },
            "type": "library",
            "extra": {
                "branch-alias": {
                    "dev-master": "2.0-dev"
                }
            },
            "autoload": {
                "psr-4": {
                    "EdsonOnildo\\Router\\": "src"
                }
            },
            "notification-url": "https://packagist.org/downloads/",
            "license": [
                "MIT"
            ],
            "authors": [
                {
                    "name": "Edson Onildo",
                    "email": "inbox.edsononildo@gmail.com",
                    "homepage": "https://github.com/EdsonOnildoJR",
                    "role": "Developer"
                }
            ],
            "description": "A fast and powerful router that maps route callbacks to specific HTTP request methods and URIs. It supports parameters and pattern matching",
            "homepage": "https://github.com/edsononildo/router",
            "keywords": [
                "EdsonOnildo",
                "router"
            ],
            "time": "2019-03-16T12:41:11+00:00"
        },
        {
            "name": "edsononildo/tpl",
            "version": "dev-master",
            "source": {
                "type": "git",
                "url": "https://github.com/EdsonOnildoJR/PHP-Template-Engine.git",
                "reference": "bb8381a86381caba290d3cce54483f240ca6eb66"
            },
            "dist": {
                "type": "zip",
                "url": "https://api.github.com/repos/EdsonOnildoJR/PHP-Template-Engine/zipball/bb8381a86381caba290d3cce54483f240ca6eb66",
                "reference": "bb8381a86381caba290d3cce54483f240ca6eb66",
                "shasum": ""
            },
            "require": {
                "ext-json": "*",
                "php": "~7.1"
            },
            "require-dev": {
                "phpunit/phpunit": ">=7.0",
                "squizlabs/php_codesniffer": "^3.0",
                "symfony/var-dumper": "^4.2"
            },
            "type": "library",
            "extra": {
                "branch-alias": {
                    "dev-master": "3.0-dev"
                }
            },
            "autoload": {
                "psr-4": {
                    "EdsonOnildo\\Tpl\\": "src"
                }
            },
            "notification-url": "https://packagist.org/downloads/",
            "license": [
                "MIT"
            ],
            "authors": [
                {
                    "name": "Edson Onildo",
                    "email": "inbox.edsononildo@gmail.com",
                    "homepage": "https://github.com/EdsonOnildoJR",
                    "role": "Developer"
                }
            ],
            "description": "Gerenciador de Templates PHP",
            "homepage": "https://github.com/EdsonOnildoJR/PHP-Template-Engine",
            "keywords": [
                "EdsonOnildo",
                "PHP-Template-Engine"
            ],
            "time": "2019-03-28T19:17:23+00:00"
        }
    ],
    "packages-dev": [],
    "aliases": [],
    "minimum-stability": "dev",
    "stability-flags": {
        "edsononildo/tpl": 20,
        "edsononildo/router": 20
    },
    "prefer-stable": true,
    "prefer-lowest": false,
    "platform": [],
    "platform-dev": []
}
